PODS:
  - BlueSocket (0.12.92)
  - SwordRPC (0.1.0):
    - BlueSocket (~> 0.12)

DEPENDENCIES:
  - SwordRPC (= 0.1.0)

SPEC CHECKSUMS:
  BlueSocket: 3597b6850bdeb7fe2d20eecc69739c226857cdfb
  SwordRPC: 934584a2127945e2901dd72b6b22f379919593b6

PODFILE CHECKSUM: ade57d6a73c09ee49062ccb7f9198dd20a4c1cc0

COCOAPODS: 1.4.0
