// !$*UTF8*$!
{
	archiveVersion = 1;
	classes = {
	};
	objectVersion = 52;
	objects = {

/* Begin PBXBuildFile section */
		12F47205281D214A00609C94 /* Track.swift in Sources */ = {isa = PBXBuildFile; fileRef = 12F47204281D214A00609C94 /* Track.swift */; };
		12F47207281D21D600609C94 /* Player.swift in Sources */ = {isa = PBXBuildFile; fileRef = 12F47206281D21D600609C94 /* Player.swift */; };
		12F47209281D227B00609C94 /* PlayerState.swift in Sources */ = {isa = PBXBuildFile; fileRef = 12F47208281D227B00609C94 /* PlayerState.swift */; };
		12F4720B281D2B6000609C94 /* MusicPlayer.swift in Sources */ = {isa = PBXBuildFile; fileRef = 12F4720A281D2B6000609C94 /* MusicPlayer.swift */; };
		42024DE820145BFA00AEBA10 /* Ongaku.swift in Sources */ = {isa = PBXBuildFile; fileRef = 42024DE720145BFA00AEBA10 /* Ongaku.swift */; };
		42024DEA20145BFA00AEBA10 /* RPCController.swift in Sources */ = {isa = PBXBuildFile; fileRef = 42024DE920145BFA00AEBA10 /* RPCController.swift */; };
		42024DEC20145BFA00AEBA10 /* Assets.xcassets in Resources */ = {isa = PBXBuildFile; fileRef = 42024DEB20145BFA00AEBA10 /* Assets.xcassets */; };
		42024DEF20145BFA00AEBA10 /* Main.storyboard in Resources */ = {isa = PBXBuildFile; fileRef = 42024DED20145BFA00AEBA10 /* Main.storyboard */; };
		42024DFA20145BFA00AEBA10 /* OngakuTests.swift in Sources */ = {isa = PBXBuildFile; fileRef = 42024DF920145BFA00AEBA10 /* OngakuTests.swift */; };
		42024E0520145BFA00AEBA10 /* OngakuUITests.swift in Sources */ = {isa = PBXBuildFile; fileRef = 42024E0420145BFA00AEBA10 /* OngakuUITests.swift */; };
		42E0BC97242925AB0041F1C4 /* SwordRPC in Frameworks */ = {isa = PBXBuildFile; productRef = 42E0BC96242925AB0041F1C4 /* SwordRPC */; };
/* End PBXBuildFile section */

/* Begin PBXContainerItemProxy section */
		42024DF620145BFA00AEBA10 /* PBXContainerItemProxy */ = {
			isa = PBXContainerItemProxy;
			containerPortal = 42024DDC20145BF900AEBA10 /* Project object */;
			proxyType = 1;
			remoteGlobalIDString = 42024DE320145BF900AEBA10;
			remoteInfo = Ongaku;
		};
		42024E0120145BFA00AEBA10 /* PBXContainerItemProxy */ = {
			isa = PBXContainerItemProxy;
			containerPortal = 42024DDC20145BF900AEBA10 /* Project object */;
			proxyType = 1;
			remoteGlobalIDString = 42024DE320145BF900AEBA10;
			remoteInfo = Ongaku;
		};
/* End PBXContainerItemProxy section */

/* Begin PBXCopyFilesBuildPhase section */
		422EEBC520146A340028F32C /* CopyFiles */ = {
			isa = PBXCopyFilesBuildPhase;
			buildActionMask = 2147483647;
			dstPath = "";
			dstSubfolderSpec = 10;
			files = (
			);
			runOnlyForDeploymentPostprocessing = 0;
		};
/* End PBXCopyFilesBuildPhase section */

/* Begin PBXFileReference section */
		12F47204281D214A00609C94 /* Track.swift */ = {isa = PBXFileReference; lastKnownFileType = sourcecode.swift; path = Track.swift; sourceTree = "<group>"; };
		12F47206281D21D600609C94 /* Player.swift */ = {isa = PBXFileReference; lastKnownFileType = sourcecode.swift; path = Player.swift; sourceTree = "<group>"; };
		12F47208281D227B00609C94 /* PlayerState.swift */ = {isa = PBXFileReference; lastKnownFileType = sourcecode.swift; path = PlayerState.swift; sourceTree = "<group>"; };
		12F4720A281D2B6000609C94 /* MusicPlayer.swift */ = {isa = PBXFileReference; lastKnownFileType = sourcecode.swift; path = MusicPlayer.swift; sourceTree = "<group>"; };
		42024DE420145BFA00AEBA10 /* Ongaku.app */ = {isa = PBXFileReference; explicitFileType = wrapper.application; includeInIndex = 0; path = Ongaku.app; sourceTree = BUILT_PRODUCTS_DIR; };
		42024DE720145BFA00AEBA10 /* Ongaku.swift */ = {isa = PBXFileReference; lastKnownFileType = sourcecode.swift; path = Ongaku.swift; sourceTree = "<group>"; };
		42024DE920145BFA00AEBA10 /* RPCController.swift */ = {isa = PBXFileReference; lastKnownFileType = sourcecode.swift; path = RPCController.swift; sourceTree = "<group>"; };
		42024DEB20145BFA00AEBA10 /* Assets.xcassets */ = {isa = PBXFileReference; lastKnownFileType = folder.assetcatalog; path = Assets.xcassets; sourceTree = "<group>"; };
		42024DEE20145BFA00AEBA10 /* Base */ = {isa = PBXFileReference; lastKnownFileType = file.storyboard; name = Base; path = Base.lproj/Main.storyboard; sourceTree = "<group>"; };
		42024DF020145BFA00AEBA10 /* Info.plist */ = {isa = PBXFileReference; lastKnownFileType = text.plist.xml; path = Info.plist; sourceTree = "<group>"; };
		42024DF520145BFA00AEBA10 /* OngakuTests.xctest */ = {isa = PBXFileReference; explicitFileType = wrapper.cfbundle; includeInIndex = 0; path = OngakuTests.xctest; sourceTree = BUILT_PRODUCTS_DIR; };
		42024DF920145BFA00AEBA10 /* OngakuTests.swift */ = {isa = PBXFileReference; lastKnownFileType = sourcecode.swift; path = OngakuTests.swift; sourceTree = "<group>"; };
		42024DFB20145BFA00AEBA10 /* Info.plist */ = {isa = PBXFileReference; lastKnownFileType = text.plist.xml; path = Info.plist; sourceTree = "<group>"; };
		42024E0020145BFA00AEBA10 /* OngakuUITests.xctest */ = {isa = PBXFileReference; explicitFileType = wrapper.cfbundle; includeInIndex = 0; path = OngakuUITests.xctest; sourceTree = BUILT_PRODUCTS_DIR; };
		42024E0420145BFA00AEBA10 /* OngakuUITests.swift */ = {isa = PBXFileReference; lastKnownFileType = sourcecode.swift; path = OngakuUITests.swift; sourceTree = "<group>"; };
		42024E0620145BFA00AEBA10 /* Info.plist */ = {isa = PBXFileReference; lastKnownFileType = text.plist.xml; path = Info.plist; sourceTree = "<group>"; };
		42E0BC98242929B10041F1C4 /* Ongaku.entitlements */ = {isa = PBXFileReference; lastKnownFileType = text.plist.entitlements; path = Ongaku.entitlements; sourceTree = "<group>"; };
/* End PBXFileReference section */

/* Begin PBXFrameworksBuildPhase section */
		42024DE120145BF900AEBA10 /* Frameworks */ = {
			isa = PBXFrameworksBuildPhase;
			buildActionMask = 2147483647;
			files = (
				42E0BC97242925AB0041F1C4 /* SwordRPC in Frameworks */,
			);
			runOnlyForDeploymentPostprocessing = 0;
		};
		42024DF220145BFA00AEBA10 /* Frameworks */ = {
			isa = PBXFrameworksBuildPhase;
			buildActionMask = 2147483647;
			files = (
			);
			runOnlyForDeploymentPostprocessing = 0;
		};
		42024DFD20145BFA00AEBA10 /* Frameworks */ = {
			isa = PBXFrameworksBuildPhase;
			buildActionMask = 2147483647;
			files = (
			);
			runOnlyForDeploymentPostprocessing = 0;
		};
/* End PBXFrameworksBuildPhase section */

/* Begin PBXGroup section */
		12F47203281D202700609C94 /* Player */ = {
			isa = PBXGroup;
			children = (
				12F47204281D214A00609C94 /* Track.swift */,
				12F47206281D21D600609C94 /* Player.swift */,
				12F47208281D227B00609C94 /* PlayerState.swift */,
				12F4720A281D2B6000609C94 /* MusicPlayer.swift */,
			);
			path = Player;
			sourceTree = "<group>";
		};
		42024DDB20145BF900AEBA10 = {
			isa = PBXGroup;
			children = (
				42024DE620145BFA00AEBA10 /* Ongaku */,
				42024DF820145BFA00AEBA10 /* OngakuTests */,
				42024E0320145BFA00AEBA10 /* OngakuUITests */,
				42024DE520145BFA00AEBA10 /* Products */,
			);
			indentWidth = 4;
			sourceTree = "<group>";
			tabWidth = 4;
		};
		42024DE520145BFA00AEBA10 /* Products */ = {
			isa = PBXGroup;
			children = (
				42024DE420145BFA00AEBA10 /* Ongaku.app */,
				42024DF520145BFA00AEBA10 /* OngakuTests.xctest */,
				42024E0020145BFA00AEBA10 /* OngakuUITests.xctest */,
			);
			name = Products;
			sourceTree = "<group>";
		};
		42024DE620145BFA00AEBA10 /* Ongaku */ = {
			isa = PBXGroup;
			children = (
				12F47203281D202700609C94 /* Player */,
				42E0BC98242929B10041F1C4 /* Ongaku.entitlements */,
				42024DE720145BFA00AEBA10 /* Ongaku.swift */,
				42024DE920145BFA00AEBA10 /* RPCController.swift */,
				42024DEB20145BFA00AEBA10 /* Assets.xcassets */,
				42024DED20145BFA00AEBA10 /* Main.storyboard */,
				42024DF020145BFA00AEBA10 /* Info.plist */,
			);
			path = Ongaku;
			sourceTree = "<group>";
		};
		42024DF820145BFA00AEBA10 /* OngakuTests */ = {
			isa = PBXGroup;
			children = (
				42024DF920145BFA00AEBA10 /* OngakuTests.swift */,
				42024DFB20145BFA00AEBA10 /* Info.plist */,
			);
			path = OngakuTests;
			sourceTree = "<group>";
		};
		42024E0320145BFA00AEBA10 /* OngakuUITests */ = {
			isa = PBXGroup;
			children = (
				42024E0420145BFA00AEBA10 /* OngakuUITests.swift */,
				42024E0620145BFA00AEBA10 /* Info.plist */,
			);
			path = OngakuUITests;
			sourceTree = "<group>";
		};
/* End PBXGroup section */

/* Begin PBXNativeTarget section */
		42024DE320145BF900AEBA10 /* Ongaku */ = {
			isa = PBXNativeTarget;
			buildConfigurationList = 42024E0920145BFA00AEBA10 /* Build configuration list for PBXNativeTarget "Ongaku" */;
			buildPhases = (
				42024DE020145BF900AEBA10 /* Sources */,
				42024DE120145BF900AEBA10 /* Frameworks */,
				42024DE220145BF900AEBA10 /* Resources */,
				422EEBC520146A340028F32C /* CopyFiles */,
			);
			buildRules = (
			);
			dependencies = (
			);
			name = Ongaku;
			packageProductDependencies = (
				42E0BC96242925AB0041F1C4 /* SwordRPC */,
			);
			productName = Ongaku;
			productReference = 42024DE420145BFA00AEBA10 /* Ongaku.app */;
			productType = "com.apple.product-type.application";
		};
		42024DF420145BFA00AEBA10 /* OngakuTests */ = {
			isa = PBXNativeTarget;
			buildConfigurationList = 42024E0C20145BFA00AEBA10 /* Build configuration list for PBXNativeTarget "OngakuTests" */;
			buildPhases = (
				42024DF120145BFA00AEBA10 /* Sources */,
				42024DF220145BFA00AEBA10 /* Frameworks */,
				42024DF320145BFA00AEBA10 /* Resources */,
			);
			buildRules = (
			);
			dependencies = (
				42024DF720145BFA00AEBA10 /* PBXTargetDependency */,
			);
			name = OngakuTests;
			productName = OngakuTests;
			productReference = 42024DF520145BFA00AEBA10 /* OngakuTests.xctest */;
			productType = "com.apple.product-type.bundle.unit-test";
		};
		42024DFF20145BFA00AEBA10 /* OngakuUITests */ = {
			isa = PBXNativeTarget;
			buildConfigurationList = 42024E0F20145BFA00AEBA10 /* Build configuration list for PBXNativeTarget "OngakuUITests" */;
			buildPhases = (
				42024DFC20145BFA00AEBA10 /* Sources */,
				42024DFD20145BFA00AEBA10 /* Frameworks */,
				42024DFE20145BFA00AEBA10 /* Resources */,
			);
			buildRules = (
			);
			dependencies = (
				42024E0220145BFA00AEBA10 /* PBXTargetDependency */,
			);
			name = OngakuUITests;
			productName = OngakuUITests;
			productReference = 42024E0020145BFA00AEBA10 /* OngakuUITests.xctest */;
			productType = "com.apple.product-type.bundle.ui-testing";
		};
/* End PBXNativeTarget section */

/* Begin PBXProject section */
		42024DDC20145BF900AEBA10 /* Project object */ = {
			isa = PBXProject;
			attributes = {
				LastSwiftUpdateCheck = 0820;
				LastUpgradeCheck = 1400;
				ORGANIZATIONNAME = "Spotlight Deveaux";
				TargetAttributes = {
					42024DE320145BF900AEBA10 = {
						CreatedOnToolsVersion = 8.2.1;
						LastSwiftMigration = 1140;
						ProvisioningStyle = Automatic;
					};
					42024DF420145BFA00AEBA10 = {
						CreatedOnToolsVersion = 8.2.1;
						DevelopmentTeam = NP873NYDVX;
						LastSwiftMigration = 1140;
						ProvisioningStyle = Automatic;
						TestTargetID = 42024DE320145BF900AEBA10;
					};
					42024DFF20145BFA00AEBA10 = {
						CreatedOnToolsVersion = 8.2.1;
						DevelopmentTeam = NP873NYDVX;
						LastSwiftMigration = 1140;
						ProvisioningStyle = Automatic;
						TestTargetID = 42024DE320145BF900AEBA10;
					};
				};
			};
			buildConfigurationList = 42024DDF20145BF900AEBA10 /* Build configuration list for PBXProject "Ongaku" */;
			compatibilityVersion = "Xcode 3.2";
			developmentRegion = en;
			hasScannedForEncodings = 0;
			knownRegions = (
				en,
				Base,
			);
			mainGroup = 42024DDB20145BF900AEBA10;
			packageReferences = (
				42E0BC95242925AB0041F1C4 /* XCRemoteSwiftPackageReference "SwordRPC" */,
			);
			productRefGroup = 42024DE520145BFA00AEBA10 /* Products */;
			projectDirPath = "";
			projectRoot = "";
			targets = (
				42024DE320145BF900AEBA10 /* Ongaku */,
				42024DF420145BFA00AEBA10 /* OngakuTests */,
				42024DFF20145BFA00AEBA10 /* OngakuUITests */,
			);
		};
/* End PBXProject section */

/* Begin PBXResourcesBuildPhase section */
		42024DE220145BF900AEBA10 /* Resources */ = {
			isa = PBXResourcesBuildPhase;
			buildActionMask = 2147483647;
			files = (
				42024DEC20145BFA00AEBA10 /* Assets.xcassets in Resources */,
				42024DEF20145BFA00AEBA10 /* Main.storyboard in Resources */,
			);
			runOnlyForDeploymentPostprocessing = 0;
		};
		42024DF320145BFA00AEBA10 /* Resources */ = {
			isa = PBXResourcesBuildPhase;
			buildActionMask = 2147483647;
			files = (
			);
			runOnlyForDeploymentPostprocessing = 0;
		};
		42024DFE20145BFA00AEBA10 /* Resources */ = {
			isa = PBXResourcesBuildPhase;
			buildActionMask = 2147483647;
			files = (
			);
			runOnlyForDeploymentPostprocessing = 0;
		};
/* End PBXResourcesBuildPhase section */

/* Begin PBXSourcesBuildPhase section */
		42024DE020145BF900AEBA10 /* Sources */ = {
			isa = PBXSourcesBuildPhase;
			buildActionMask = 2147483647;
			files = (
				12F47209281D227B00609C94 /* PlayerState.swift in Sources */,
				12F47207281D21D600609C94 /* Player.swift in Sources */,
				12F4720B281D2B6000609C94 /* MusicPlayer.swift in Sources */,
				42024DEA20145BFA00AEBA10 /* RPCController.swift in Sources */,
				42024DE820145BFA00AEBA10 /* Ongaku.swift in Sources */,
				12F47205281D214A00609C94 /* Track.swift in Sources */,
			);
			runOnlyForDeploymentPostprocessing = 0;
		};
		42024DF120145BFA00AEBA10 /* Sources */ = {
			isa = PBXSourcesBuildPhase;
			buildActionMask = 2147483647;
			files = (
				42024DFA20145BFA00AEBA10 /* OngakuTests.swift in Sources */,
			);
			runOnlyForDeploymentPostprocessing = 0;
		};
		42024DFC20145BFA00AEBA10 /* Sources */ = {
			isa = PBXSourcesBuildPhase;
			buildActionMask = 2147483647;
			files = (
				42024E0520145BFA00AEBA10 /* OngakuUITests.swift in Sources */,
			);
			runOnlyForDeploymentPostprocessing = 0;
		};
/* End PBXSourcesBuildPhase section */

/* Begin PBXTargetDependency section */
		42024DF720145BFA00AEBA10 /* PBXTargetDependency */ = {
			isa = PBXTargetDependency;
			target = 42024DE320145BF900AEBA10 /* Ongaku */;
			targetProxy = 42024DF620145BFA00AEBA10 /* PBXContainerItemProxy */;
		};
		42024E0220145BFA00AEBA10 /* PBXTargetDependency */ = {
			isa = PBXTargetDependency;
			target = 42024DE320145BF900AEBA10 /* Ongaku */;
			targetProxy = 42024E0120145BFA00AEBA10 /* PBXContainerItemProxy */;
		};
/* End PBXTargetDependency section */

/* Begin PBXVariantGroup section */
		42024DED20145BFA00AEBA10 /* Main.storyboard */ = {
			isa = PBXVariantGroup;
			children = (
				42024DEE20145BFA00AEBA10 /* Base */,
			);
			name = Main.storyboard;
			sourceTree = "<group>";
		};
/* End PBXVariantGroup section */

/* Begin XCBuildConfiguration section */
		42024E0720145BFA00AEBA10 /* Debug */ = {
			isa = XCBuildConfiguration;
			buildSettings = {
				ALWAYS_SEARCH_USER_PATHS = NO;
				CLANG_ANALYZER_LOCALIZABILITY_NONLOCALIZED = YES;
				CLANG_ANALYZER_NONNULL = YES;
				CLANG_CXX_LANGUAGE_STANDARD = "gnu++0x";
				CLANG_CXX_LIBRARY = "libc++";
				CLANG_ENABLE_MODULES = YES;
				CLANG_ENABLE_OBJC_ARC = YES;
				CLANG_WARN_BLOCK_CAPTURE_AUTORELEASING = YES;
				CLANG_WARN_BOOL_CONVERSION = YES;
				CLANG_WARN_COMMA = YES;
				CLANG_WARN_CONSTANT_CONVERSION = YES;
				CLANG_WARN_DEPRECATED_OBJC_IMPLEMENTATIONS = YES;
				CLANG_WARN_DIRECT_OBJC_ISA_USAGE = YES_ERROR;
				CLANG_WARN_DOCUMENTATION_COMMENTS = YES;
				CLANG_WARN_EMPTY_BODY = YES;
				CLANG_WARN_ENUM_CONVERSION = YES;
				CLANG_WARN_INFINITE_RECURSION = YES;
				CLANG_WARN_INT_CONVERSION = YES;
				CLANG_WARN_NON_LITERAL_NULL_CONVERSION = YES;
				CLANG_WARN_OBJC_IMPLICIT_RETAIN_SELF = YES;
				CLANG_WARN_OBJC_LITERAL_CONVERSION = YES;
				CLANG_WARN_OBJC_ROOT_CLASS = YES_ERROR;
				CLANG_WARN_QUOTED_INCLUDE_IN_FRAMEWORK_HEADER = YES;
				CLANG_WARN_RANGE_LOOP_ANALYSIS = YES;
				CLANG_WARN_STRICT_PROTOTYPES = YES;
				CLANG_WARN_SUSPICIOUS_MOVE = YES;
				CLANG_WARN_UNREACHABLE_CODE = YES;
				CLANG_WARN__DUPLICATE_METHOD_MATCH = YES;
				CODE_SIGN_IDENTITY = "-";
				COPY_PHASE_STRIP = NO;
				DEAD_CODE_STRIPPING = YES;
				DEBUG_INFORMATION_FORMAT = dwarf;
				ENABLE_STRICT_OBJC_MSGSEND = YES;
				ENABLE_TESTABILITY = YES;
				GCC_C_LANGUAGE_STANDARD = gnu99;
				GCC_DYNAMIC_NO_PIC = NO;
				GCC_NO_COMMON_BLOCKS = YES;
				GCC_OPTIMIZATION_LEVEL = 0;
				GCC_PREPROCESSOR_DEFINITIONS = (
					"DEBUG=1",
					"$(inherited)",
				);
				GCC_WARN_64_TO_32_BIT_CONVERSION = YES;
				GCC_WARN_ABOUT_RETURN_TYPE = YES_ERROR;
				GCC_WARN_UNDECLARED_SELECTOR = YES;
				GCC_WARN_UNINITIALIZED_AUTOS = YES_AGGRESSIVE;
				GCC_WARN_UNUSED_FUNCTION = YES;
				GCC_WARN_UNUSED_VARIABLE = YES;
				MACOSX_DEPLOYMENT_TARGET = 12.0;
				MTL_ENABLE_DEBUG_INFO = YES;
				ONLY_ACTIVE_ARCH = YES;
				SDKROOT = macosx;
				SWIFT_ACTIVE_COMPILATION_CONDITIONS = DEBUG;
				SWIFT_OPTIMIZATION_LEVEL = "-Onone";
			};
			name = Debug;
		};
		42024E0820145BFA00AEBA10 /* Release */ = {
			isa = XCBuildConfiguration;
			buildSettings = {
				ALWAYS_SEARCH_USER_PATHS = NO;
				CLANG_ANALYZER_LOCALIZABILITY_NONLOCALIZED = YES;
				CLANG_ANALYZER_NONNULL = YES;
				CLANG_CXX_LANGUAGE_STANDARD = "gnu++0x";
				CLANG_CXX_LIBRARY = "libc++";
				CLANG_ENABLE_MODULES = YES;
				CLANG_ENABLE_OBJC_ARC = YES;
				CLANG_WARN_BLOCK_CAPTURE_AUTORELEASING = YES;
				CLANG_WARN_BOOL_CONVERSION = YES;
				CLANG_WARN_COMMA = YES;
				CLANG_WARN_CONSTANT_CONVERSION = YES;
				CLANG_WARN_DEPRECATED_OBJC_IMPLEMENTATIONS = YES;
				CLANG_WARN_DIRECT_OBJC_ISA_USAGE = YES_ERROR;
				CLANG_WARN_DOCUMENTATION_COMMENTS = YES;
				CLANG_WARN_EMPTY_BODY = YES;
				CLANG_WARN_ENUM_CONVERSION = YES;
				CLANG_WARN_INFINITE_RECURSION = YES;
				CLANG_WARN_INT_CONVERSION = YES;
				CLANG_WARN_NON_LITERAL_NULL_CONVERSION = YES;
				CLANG_WARN_OBJC_IMPLICIT_RETAIN_SELF = YES;
				CLANG_WARN_OBJC_LITERAL_CONVERSION = YES;
				CLANG_WARN_OBJC_ROOT_CLASS = YES_ERROR;
				CLANG_WARN_QUOTED_INCLUDE_IN_FRAMEWORK_HEADER = YES;
				CLANG_WARN_RANGE_LOOP_ANALYSIS = YES;
				CLANG_WARN_STRICT_PROTOTYPES = YES;
				CLANG_WARN_SUSPICIOUS_MOVE = YES;
				CLANG_WARN_UNREACHABLE_CODE = YES;
				CLANG_WARN__DUPLICATE_METHOD_MATCH = YES;
				CODE_SIGN_IDENTITY = "-";
				COPY_PHASE_STRIP = NO;
				DEAD_CODE_STRIPPING = YES;
				DEBUG_INFORMATION_FORMAT = "dwarf-with-dsym";
				ENABLE_NS_ASSERTIONS = NO;
				ENABLE_STRICT_OBJC_MSGSEND = YES;
				GCC_C_LANGUAGE_STANDARD = gnu99;
				GCC_NO_COMMON_BLOCKS = YES;
				GCC_WARN_64_TO_32_BIT_CONVERSION = YES;
				GCC_WARN_ABOUT_RETURN_TYPE = YES_ERROR;
				GCC_WARN_UNDECLARED_SELECTOR = YES;
				GCC_WARN_UNINITIALIZED_AUTOS = YES_AGGRESSIVE;
				GCC_WARN_UNUSED_FUNCTION = YES;
				GCC_WARN_UNUSED_VARIABLE = YES;
				MACOSX_DEPLOYMENT_TARGET = 12.0;
				MTL_ENABLE_DEBUG_INFO = NO;
				SDKROOT = macosx;
				SWIFT_COMPILATION_MODE = wholemodule;
				SWIFT_OPTIMIZATION_LEVEL = "-O";
			};
			name = Release;
		};
		42024E0A20145BFA00AEBA10 /* Debug */ = {
			isa = XCBuildConfiguration;
			buildSettings = {
				ASSETCATALOG_COMPILER_APPICON_NAME = AppIcon;
				CODE_SIGN_ENTITLEMENTS = Ongaku/Ongaku.entitlements;
				CODE_SIGN_IDENTITY = "Mac Developer";
				CODE_SIGN_STYLE = Automatic;
				COMBINE_HIDPI_IMAGES = YES;
				CURRENT_PROJECT_VERSION = 1;
				DEAD_CODE_STRIPPING = YES;
				DEVELOPMENT_TEAM = NP873NYDVX;
				ENABLE_HARDENED_RUNTIME = YES;
				INFOPLIST_FILE = Ongaku/Info.plist;
				LD_RUNPATH_SEARCH_PATHS = (
					"$(inherited)",
					"@executable_path/../Frameworks",
				);
				LIBRARY_SEARCH_PATHS = (
					"$(inherited)",
					"$(PROJECT_DIR)",
				);
				MACOSX_DEPLOYMENT_TARGET = 13.0;
				MARKETING_VERSION = 5.1;
				PRODUCT_BUNDLE_IDENTIFIER = io.github.spotlightishere.Ongaku;
				PRODUCT_NAME = "$(TARGET_NAME)";
				PROVISIONING_PROFILE_SPECIFIER = "";
				SWIFT_INSTALL_OBJC_HEADER = NO;
				SWIFT_OBJC_BRIDGING_HEADER = "";
				SWIFT_VERSION = 5.0;
			};
			name = Debug;
		};
		42024E0B20145BFA00AEBA10 /* Release */ = {
			isa = XCBuildConfiguration;
			buildSettings = {
				ASSETCATALOG_COMPILER_APPICON_NAME = AppIcon;
				CODE_SIGN_ENTITLEMENTS = Ongaku/Ongaku.entitlements;
				CODE_SIGN_IDENTITY = "Mac Developer";
				CODE_SIGN_STYLE = Automatic;
				COMBINE_HIDPI_IMAGES = YES;
				CURRENT_PROJECT_VERSION = 1;
				DEAD_CODE_STRIPPING = YES;
				DEVELOPMENT_TEAM = NP873NYDVX;
				ENABLE_HARDENED_RUNTIME = YES;
				INFOPLIST_FILE = Ongaku/Info.plist;
				LD_RUNPATH_SEARCH_PATHS = (
					"$(inherited)",
					"@executable_path/../Frameworks",
				);
				LIBRARY_SEARCH_PATHS = (
					"$(inherited)",
					"$(PROJECT_DIR)",
				);
				MACOSX_DEPLOYMENT_TARGET = 13.0;
				MARKETING_VERSION = 5.1;
				PRODUCT_BUNDLE_IDENTIFIER = io.github.spotlightishere.Ongaku;
				PRODUCT_NAME = "$(TARGET_NAME)";
				PROVISIONING_PROFILE_SPECIFIER = "";
				SWIFT_INSTALL_OBJC_HEADER = NO;
				SWIFT_OBJC_BRIDGING_HEADER = "";
				SWIFT_VERSION = 5.0;
			};
			name = Release;
		};
		42024E0D20145BFA00AEBA10 /* Debug */ = {
			isa = XCBuildConfiguration;
			buildSettings = {
				ALWAYS_EMBED_SWIFT_STANDARD_LIBRARIES = YES;
				BUNDLE_LOADER = "$(TEST_HOST)";
				CODE_SIGN_IDENTITY = "Mac Developer";
				CODE_SIGN_STYLE = Automatic;
				COMBINE_HIDPI_IMAGES = YES;
				DEAD_CODE_STRIPPING = YES;
				DEVELOPMENT_TEAM = NP873NYDVX;
				INFOPLIST_FILE = OngakuTests/Info.plist;
				LD_RUNPATH_SEARCH_PATHS = (
					"$(inherited)",
					"@executable_path/../Frameworks",
					"@loader_path/../Frameworks",
				);
				PRODUCT_BUNDLE_IDENTIFIER = io.github.spotlightishere.OngakuTests;
				PRODUCT_NAME = "$(TARGET_NAME)";
				PROVISIONING_PROFILE_SPECIFIER = "";
				SWIFT_VERSION = 5.0;
				TEST_HOST = "$(BUILT_PRODUCTS_DIR)/Ongaku.app/Contents/MacOS/Ongaku";
			};
			name = Debug;
		};
		42024E0E20145BFA00AEBA10 /* Release */ = {
			isa = XCBuildConfiguration;
			buildSettings = {
				ALWAYS_EMBED_SWIFT_STANDARD_LIBRARIES = YES;
				BUNDLE_LOADER = "$(TEST_HOST)";
				CODE_SIGN_IDENTITY = "Mac Developer";
				CODE_SIGN_STYLE = Automatic;
				COMBINE_HIDPI_IMAGES = YES;
				DEAD_CODE_STRIPPING = YES;
				DEVELOPMENT_TEAM = NP873NYDVX;
				INFOPLIST_FILE = OngakuTests/Info.plist;
				LD_RUNPATH_SEARCH_PATHS = (
					"$(inherited)",
					"@executable_path/../Frameworks",
					"@loader_path/../Frameworks",
				);
				PRODUCT_BUNDLE_IDENTIFIER = io.github.spotlightishere.OngakuTests;
				PRODUCT_NAME = "$(TARGET_NAME)";
				PROVISIONING_PROFILE_SPECIFIER = "";
				SWIFT_VERSION = 5.0;
				TEST_HOST = "$(BUILT_PRODUCTS_DIR)/Ongaku.app/Contents/MacOS/Ongaku";
			};
			name = Release;
		};
		42024E1020145BFA00AEBA10 /* Debug */ = {
			isa = XCBuildConfiguration;
			buildSettings = {
				ALWAYS_EMBED_SWIFT_STANDARD_LIBRARIES = YES;
				CODE_SIGN_IDENTITY = "Mac Developer";
				CODE_SIGN_STYLE = Automatic;
				COMBINE_HIDPI_IMAGES = YES;
				DEAD_CODE_STRIPPING = YES;
				DEVELOPMENT_TEAM = NP873NYDVX;
				INFOPLIST_FILE = OngakuUITests/Info.plist;
				LD_RUNPATH_SEARCH_PATHS = (
					"$(inherited)",
					"@executable_path/../Frameworks",
					"@loader_path/../Frameworks",
				);
				PRODUCT_BUNDLE_IDENTIFIER = io.github.spotlightishere.OngakuUITests;
				PRODUCT_NAME = "$(TARGET_NAME)";
				PROVISIONING_PROFILE_SPECIFIER = "";
				SWIFT_VERSION = 5.0;
				TEST_TARGET_NAME = Ongaku;
			};
			name = Debug;
		};
		42024E1120145BFA00AEBA10 /* Release */ = {
			isa = XCBuildConfiguration;
			buildSettings = {
				ALWAYS_EMBED_SWIFT_STANDARD_LIBRARIES = YES;
				CODE_SIGN_IDENTITY = "Mac Developer";
				CODE_SIGN_STYLE = Automatic;
				COMBINE_HIDPI_IMAGES = YES;
				DEAD_CODE_STRIPPING = YES;
				DEVELOPMENT_TEAM = NP873NYDVX;
				INFOPLIST_FILE = OngakuUITests/Info.plist;
				LD_RUNPATH_SEARCH_PATHS = (
					"$(inherited)",
					"@executable_path/../Frameworks",
					"@loader_path/../Frameworks",
				);
				PRODUCT_BUNDLE_IDENTIFIER = io.github.spotlightishere.OngakuUITests;
				PRODUCT_NAME = "$(TARGET_NAME)";
				PROVISIONING_PROFILE_SPECIFIER = "";
				SWIFT_VERSION = 5.0;
				TEST_TARGET_NAME = Ongaku;
			};
			name = Release;
		};
/* End XCBuildConfiguration section */

/* Begin XCConfigurationList section */
		42024DDF20145BF900AEBA10 /* Build configuration list for PBXProject "Ongaku" */ = {
			isa = XCConfigurationList;
			buildConfigurations = (
				42024E0720145BFA00AEBA10 /* Debug */,
				42024E0820145BFA00AEBA10 /* Release */,
			);
			defaultConfigurationIsVisible = 0;
			defaultConfigurationName = Release;
		};
		42024E0920145BFA00AEBA10 /* Build configuration list for PBXNativeTarget "Ongaku" */ = {
			isa = XCConfigurationList;
			buildConfigurations = (
				42024E0A20145BFA00AEBA10 /* Debug */,
				42024E0B20145BFA00AEBA10 /* Release */,
			);
			defaultConfigurationIsVisible = 0;
			defaultConfigurationName = Release;
		};
		42024E0C20145BFA00AEBA10 /* Build configuration list for PBXNativeTarget "OngakuTests" */ = {
			isa = XCConfigurationList;
			buildConfigurations = (
				42024E0D20145BFA00AEBA10 /* Debug */,
				42024E0E20145BFA00AEBA10 /* Release */,
			);
			defaultConfigurationIsVisible = 0;
			defaultConfigurationName = Release;
		};
		42024E0F20145BFA00AEBA10 /* Build configuration list for PBXNativeTarget "OngakuUITests" */ = {
			isa = XCConfigurationList;
			buildConfigurations = (
				42024E1020145BFA00AEBA10 /* Debug */,
				42024E1120145BFA00AEBA10 /* Release */,
			);
			defaultConfigurationIsVisible = 0;
			defaultConfigurationName = Release;
		};
/* End XCConfigurationList section */

/* Begin XCRemoteSwiftPackageReference section */
		42E0BC95242925AB0041F1C4 /* XCRemoteSwiftPackageReference "SwordRPC" */ = {
			isa = XCRemoteSwiftPackageReference;
			repositoryURL = "https://github.com/spotlightishere/SwordRPC";
			requirement = {
				kind = upToNextMajorVersion;
				minimumVersion = 1.0.0;
			};
		};
/* End XCRemoteSwiftPackageReference section */

/* Begin XCSwiftPackageProductDependency section */
		42E0BC96242925AB0041F1C4 /* SwordRPC */ = {
			isa = XCSwiftPackageProductDependency;
			package = 42E0BC95242925AB0041F1C4 /* XCRemoteSwiftPackageReference "SwordRPC" */;
			productName = SwordRPC;
		};
/* End XCSwiftPackageProductDependency section */
	};
	rootObject = 42024DDC20145BF900AEBA10 /* Project object */;
}
