{
  "originHash" : "22d9e9f6e5b0b0baa9d34cac019b9964f7c93794c86062d81b63c1ef51a36823",
  "pins" : [
    {
      "identity" : "alamofire",
      "kind" : "remoteSourceControl",
      "location" : "https://github.com/Alamofire/Alamofire.git",
      "state" : {
        "revision" : "513364f870f6bfc468f9d2ff0a95caccc10044c5",
        "version" : "5.10.2"
      }
    },
    {
      "identity" : "keychainaccess",
      "kind" : "remoteSourceControl",
      "location" : "https://github.com/kishikawakatsumi/KeychainAccess",
      "state" : {
        "branch" : "master",
        "revision" : "e0c7eebc5a4465a3c4680764f26b7a61f567cdaf"
      }
    },
    {
      "identity" : "maccontrolcenterui",
      "kind" : "remoteSourceControl",
      "location" : "https://github.com/orchetect/MacControlCenterUI",
      "state" : {
        "revision" : "ee2003b6508de0997cbe6ebb238801f297a450ab",
        "version" : "2.4.1"
      }
    },
    {
      "identity" : "menubarextraaccess",
      "kind" : "remoteSourceControl",
      "location" : "https://github.com/orchetect/MenuBarExtraAccess",
      "state" : {
        "revision" : "707dff6f55217b3ef5b6be84ced3e83511d4df5c",
        "version" : "1.2.2"
      }
    },
    {
      "identity" : "swift-atomics",
      "kind" : "remoteSourceControl",
      "location" : "https://github.com/apple/swift-atomics.git",
      "state" : {
        "revision" : "b601256eab081c0f92f059e12818ac1d4f178ff7",
        "version" : "1.3.0"
      }
    },
    {
      "identity" : "swift-collections",
      "kind" : "remoteSourceControl",
      "location" : "https://github.com/apple/swift-collections.git",
      "state" : {
        "revision" : "8c0c0a8b49e080e54e5e328cc552821ff07cd341",
        "version" : "1.2.1"
      }
    },
    {
      "identity" : "swift-nio",
      "kind" : "remoteSourceControl",
      "location" : "https://github.com/apple/swift-nio",
      "state" : {
        "revision" : "1c30f0f2053b654e3d1302492124aa6d242cdba7",
        "version" : "2.86.0"
      }
    },
    {
      "identity" : "swift-system",
      "kind" : "remoteSourceControl",
      "location" : "https://github.com/apple/swift-system.git",
      "state" : {
        "revision" : "890830fff1a577dc83134890c7984020c5f6b43b",
        "version" : "1.6.2"
      }
    },
    {
      "identity" : "swordrpc",
      "kind" : "remoteSourceControl",
      "location" : "https://github.com/spotlightishere/SwordRPC",
      "state" : {
        "branch" : "main",
        "revision" : "862f44d5a05bcdba551f2b4f93db1174306fd331"
      }
    }
  ],
  "version" : 3
}
